
Microsoft Visual Studio Solution File, Format Version 11.00
# Visual Studio 2010
Project("{FAE04EC0-301F-11D3-BF4B-00C04F79EFBC}") = "WaveletTree", "WaveletTree\WaveletTree.csproj", "{9F50EDF3-F676-4926-81D8-F4C7C3D43DFB}"
EndProject
Global
	GlobalSection(SolutionConfigurationPlatforms) = preSolution
		Debug|x86 = Debug|x86
		Release|x86 = Release|x86
	EndGlobalSection
	GlobalSection(ProjectConfigurationPlatforms) = postSolution
		{9F50EDF3-F676-4926-81D8-F4C7C3D43DFB}.Debug|x86.ActiveCfg = Debug|x86
		{9F50EDF3-F676-4926-81D8-F4C7C3D43DFB}.Debug|x86.Build.0 = Debug|x86
		{9F50EDF3-F676-4926-81D8-F4C7C3D43DFB}.Release|x86.ActiveCfg = Release|x86
		{9F50EDF3-F676-4926-81D8-F4C7C3D43DFB}.Release|x86.Build.0 = Release|x86
	EndGlobalSection
	GlobalSection(MonoDevelopProperties) = preSolution
		StartupItem = WaveletTree\WaveletTree.csproj
	EndGlobalSection
EndGlobal
